
Microsoft Visual Studio Solution File, Format Version 12.00
# Visual Studio Version 16
VisualStudioVersion = 16.0.29728.190
MinimumVisualStudioVersion = 10.0.40219.1
Project("{FAE04EC0-301F-11D3-BF4B-00C04F79EFBC}") = "FormTask", "FormTask\FormTask.csproj", "{244DED39-6CD1-4751-844E-BB7EC744C6A7}"
EndProject
Global
	GlobalSection(SolutionConfigurationPlatforms) = preSolution
		Debug|Any CPU = Debug|Any CPU
		Release|Any CPU = Release|Any CPU
	EndGlobalSection
	GlobalSection(ProjectConfigurationPlatforms) = postSolution
		{244DED39-6CD1-4751-844E-BB7EC744C6A7}.Debug|Any CPU.ActiveCfg = Debug|Any CPU
		{244DED39-6CD1-4751-844E-BB7EC744C6A7}.Debug|Any CPU.Build.0 = Debug|Any CPU
		{244DED39-6CD1-4751-844E-BB7EC744C6A7}.Release|Any CPU.ActiveCfg = Release|Any CPU
		{244DED39-6CD1-4751-844E-BB7EC744C6A7}.Release|Any CPU.Build.0 = Release|Any CPU
	EndGlobalSection
	GlobalSection(SolutionProperties) = preSolution
		HideSolutionNode = FALSE
	EndGlobalSection
	GlobalSection(ExtensibilityGlobals) = postSolution
		SolutionGuid = {DA58A12A-8CC0-4149-87ED-E4374BC7D92A}
	EndGlobalSection
EndGlobal
